
Microsoft Visual Studio Solution File, Format Version 12.00
# Visual Studio Version 16
VisualStudioVersion = 16.0.30804.86
MinimumVisualStudioVersion = 10.0.40219.1
Project("{FAE04EC0-301F-11D3-BF4B-00C04F79EFBC}") = "NotDefteri", "NotDefteri\NotDefteri.csproj", "{1C7D51A8-F3C0-4772-9CC6-4E8AE8971030}"
EndProject
Global
	GlobalSection(SolutionConfigurationPlatforms) = preSolution
		Debug|Any CPU = Debug|Any CPU
		Release|Any CPU = Release|Any CPU
	EndGlobalSection
	GlobalSection(ProjectConfigurationPlatforms) = postSolution
		{1C7D51A8-F3C0-4772-9CC6-4E8AE8971030}.Debug|Any CPU.ActiveCfg = Debug|Any CPU
		{1C7D51A8-F3C0-4772-9CC6-4E8AE8971030}.Debug|Any CPU.Build.0 = Debug|Any CPU
		{1C7D51A8-F3C0-4772-9CC6-4E8AE8971030}.Release|Any CPU.ActiveCfg = Release|Any CPU
		{1C7D51A8-F3C0-4772-9CC6-4E8AE8971030}.Release|Any CPU.Build.0 = Release|Any CPU
	EndGlobalSection
	GlobalSection(SolutionProperties) = preSolution
		HideSolutionNode = FALSE
	EndGlobalSection
	GlobalSection(ExtensibilityGlobals) = postSolution
		SolutionGuid = {7D10D442-832A-4687-ACB6-582A9D3F5AB1}
	EndGlobalSection
EndGlobal
